
Microsoft Visual Studio Solution File, Format Version 12.00
# Visual Studio 15
VisualStudioVersion = 15.0.27130.2020
MinimumVisualStudioVersion = 10.0.40219.1
Project("{9A19103F-16F7-4668-BE54-9A1E7A4F7556}") = "Levolution.Data", "Levolution.Data\Levolution.Data.csproj", "{38B89F5D-103F-4CF8-9636-1AA00A5730C1}"
EndProject
Project("{2150E333-8FDC-42A3-9474-1A3956D46DE8}") = "Solution Items", "Solution Items", "{FC9025FC-8FB2-4FCA-85E5-811C3E2DC4D3}"
	ProjectSection(SolutionItems) = preProject
		Nuget\Levolution.Data.nuspec = Nuget\Levolution.Data.nuspec
	EndProjectSection
EndProject
Global
	GlobalSection(SolutionConfigurationPlatforms) = preSolution
		Debug|Any CPU = Debug|Any CPU
		Release|Any CPU = Release|Any CPU
	EndGlobalSection
	GlobalSection(ProjectConfigurationPlatforms) = postSolution
		{38B89F5D-103F-4CF8-9636-1AA00A5730C1}.Debug|Any CPU.ActiveCfg = Debug|Any CPU
		{38B89F5D-103F-4CF8-9636-1AA00A5730C1}.Debug|Any CPU.Build.0 = Debug|Any CPU
		{38B89F5D-103F-4CF8-9636-1AA00A5730C1}.Release|Any CPU.ActiveCfg = Release|Any CPU
		{38B89F5D-103F-4CF8-9636-1AA00A5730C1}.Release|Any CPU.Build.0 = Release|Any CPU
	EndGlobalSection
	GlobalSection(SolutionProperties) = preSolution
		HideSolutionNode = FALSE
	EndGlobalSection
	GlobalSection(ExtensibilityGlobals) = postSolution
		SolutionGuid = {970A4F1D-93D0-4C6D-B2B4-BADC23C832C7}
	EndGlobalSection
EndGlobal
